
Microsoft Visual Studio Solution File, Format Version 12.00
# Visual Studio 14
VisualStudioVersion = 14.0.25123.0
MinimumVisualStudioVersion = 10.0.40219.1
Project("{FAE04EC0-301F-11D3-BF4B-00C04F79EFBC}") = "App.Droid", "App\App.Droid\App.Droid.csproj", "{DA46498A-151A-456E-9932-25348BD2016D}"
EndProject
Project("{FAE04EC0-301F-11D3-BF4B-00C04F79EFBC}") = "App.iOS", "App\App.iOS\App.iOS.csproj", "{A9D657AE-079C-4603-A2E6-6EA24A1296CC}"
EndProject
Project("{FAE04EC0-301F-11D3-BF4B-00C04F79EFBC}") = "App.WinPhone", "App\App.WinPhone\App.WinPhone.csproj", "{64F98F15-8E8D-4D85-A4EF-0034CAE8DFD6}"
EndProject
Project("{FAE04EC0-301F-11D3-BF4B-00C04F79EFBC}") = "App.UWP", "App\App.UWP\App.UWP.csproj", "{2366D92E-580C-465F-A301-52E34970CDF1}"
EndProject
Project("{FAE04EC0-301F-11D3-BF4B-00C04F79EFBC}") = "App.Windows", "App\App.Windows\App.Windows.csproj", "{D9BF9A3D-9326-45B3-B876-0F7366D3E13B}"
EndProject
Project("{FAE04EC0-301F-11D3-BF4B-00C04F79EFBC}") = "App", "App\App\App.csproj", "{D2E138C7-317F-416E-94F9-46FE9E36DA60}"
EndProject
Global
	GlobalSection(SolutionConfigurationPlatforms) = preSolution
		Ad-Hoc|Any CPU = Ad-Hoc|Any CPU
		Ad-Hoc|ARM = Ad-Hoc|ARM
		Ad-Hoc|iPhone = Ad-Hoc|iPhone
		Ad-Hoc|iPhoneSimulator = Ad-Hoc|iPhoneSimulator
		Ad-Hoc|x64 = Ad-Hoc|x64
		Ad-Hoc|x86 = Ad-Hoc|x86
		AppStore|Any CPU = AppStore|Any CPU
		AppStore|ARM = AppStore|ARM
		AppStore|iPhone = AppStore|iPhone
		AppStore|iPhoneSimulator = AppStore|iPhoneSimulator
		AppStore|x64 = AppStore|x64
		AppStore|x86 = AppStore|x86
		Debug|Any CPU = Debug|Any CPU
		Debug|ARM = Debug|ARM
		Debug|iPhone = Debug|iPhone
		Debug|iPhoneSimulator = Debug|iPhoneSimulator
		Debug|x64 = Debug|x64
		Debug|x86 = Debug|x86
		Release|Any CPU = Release|Any CPU
		Release|ARM = Release|ARM
		Release|iPhone = Release|iPhone
		Release|iPhoneSimulator = Release|iPhoneSimulator
		Release|x64 = Release|x64
		Release|x86 = Release|x86
	EndGlobalSection
	GlobalSection(ProjectConfigurationPlatforms) = postSolution
		{DA46498A-151A-456E-9932-25348BD2016D}.Ad-Hoc|Any CPU.ActiveCfg = Release|Any CPU
		{DA46498A-151A-456E-9932-25348BD2016D}.Ad-Hoc|Any CPU.Build.0 = Release|Any CPU
		{DA46498A-151A-456E-9932-25348BD2016D}.Ad-Hoc|Any CPU.Deploy.0 = Release|Any CPU
		{DA46498A-151A-456E-9932-25348BD2016D}.Ad-Hoc|ARM.ActiveCfg = Release|Any CPU
		{DA46498A-151A-456E-9932-25348BD2016D}.Ad-Hoc|ARM.Build.0 = Release|Any CPU
		{DA46498A-151A-456E-9932-25348BD2016D}.Ad-Hoc|ARM.Deploy.0 = Release|Any CPU
		{DA46498A-151A-456E-9932-25348BD2016D}.Ad-Hoc|iPhone.ActiveCfg = Release|Any CPU
		{DA46498A-151A-456E-9932-25348BD2016D}.Ad-Hoc|iPhone.Build.0 = Release|Any CPU
		{DA46498A-151A-456E-9932-25348BD2016D}.Ad-Hoc|iPhone.Deploy.0 = Release|Any CPU
		{DA46498A-151A-456E-9932-25348BD2016D}.Ad-Hoc|iPhoneSimulator.ActiveCfg = Release|Any CPU
		{DA46498A-151A-456E-9932-25348BD2016D}.Ad-Hoc|iPhoneSimulator.Build.0 = Release|Any CPU
		{DA46498A-151A-456E-9932-25348BD2016D}.Ad-Hoc|iPhoneSimulator.Deploy.0 = Release|Any CPU
		{DA46498A-151A-456E-9932-25348BD2016D}.Ad-Hoc|x64.ActiveCfg = Release|Any CPU
		{DA46498A-151A-456E-9932-25348BD2016D}.Ad-Hoc|x64.Build.0 = Release|Any CPU
		{DA46498A-151A-456E-9932-25348BD2016D}.Ad-Hoc|x64.Deploy.0 = Release|Any CPU
		{DA46498A-151A-456E-9932-25348BD2016D}.Ad-Hoc|x86.ActiveCfg = Release|Any CPU
		{DA46498A-151A-456E-9932-25348BD2016D}.Ad-Hoc|x86.Build.0 = Release|Any CPU
		{DA46498A-151A-456E-9932-25348BD2016D}.Ad-Hoc|x86.Deploy.0 = Release|Any CPU
		{DA46498A-151A-456E-9932-25348BD2016D}.AppStore|Any CPU.ActiveCfg = Release|Any CPU
		{DA46498A-151A-456E-9932-25348BD2016D}.AppStore|Any CPU.Build.0 = Release|Any CPU
		{DA46498A-151A-456E-9932-25348BD2016D}.AppStore|Any CPU.Deploy.0 = Release|Any CPU
		{DA46498A-151A-456E-9932-25348BD2016D}.AppStore|ARM.ActiveCfg = Release|Any CPU
		{DA46498A-151A-456E-9932-25348BD2016D}.AppStore|ARM.Build.0 = Release|Any CPU
		{DA46498A-151A-456E-9932-25348BD2016D}.AppStore|ARM.Deploy.0 = Release|Any CPU
		{DA46498A-151A-456E-9932-25348BD2016D}.AppStore|iPhone.ActiveCfg = Release|Any CPU
		{DA46498A-151A-456E-9932-25348BD2016D}.AppStore|iPhone.Build.0 = Release|Any CPU
		{DA46498A-151A-456E-9932-25348BD2016D}.AppStore|iPhone.Deploy.0 = Release|Any CPU
		{DA46498A-151A-456E-9932-25348BD2016D}.AppStore|iPhoneSimulator.ActiveCfg = Release|Any CPU
		{DA46498A-151A-456E-9932-25348BD2016D}.AppStore|iPhoneSimulator.Build.0 = Release|Any CPU
		{DA46498A-151A-456E-9932-25348BD2016D}.AppStore|iPhoneSimulator.Deploy.0 = Release|Any CPU
		{DA46498A-151A-456E-9932-25348BD2016D}.AppStore|x64.ActiveCfg = Release|Any CPU
		{DA46498A-151A-456E-9932-25348BD2016D}.AppStore|x64.Build.0 = Release|Any CPU
		{DA46498A-151A-456E-9932-25348BD2016D}.AppStore|x64.Deploy.0 = Release|Any CPU
		{DA46498A-151A-456E-9932-25348BD2016D}.AppStore|x86.ActiveCfg = Release|Any CPU
		{DA46498A-151A-456E-9932-25348BD2016D}.AppStore|x86.Build.0 = Release|Any CPU
		{DA46498A-151A-456E-9932-25348BD2016D}.AppStore|x86.Deploy.0 = Release|Any CPU
		{DA46498A-151A-456E-9932-25348BD2016D}.Debug|Any CPU.ActiveCfg = Debug|Any CPU
		{DA46498A-151A-456E-9932-25348BD2016D}.Debug|Any CPU.Build.0 = Debug|Any CPU
		{DA46498A-151A-456E-9932-25348BD2016D}.Debug|Any CPU.Deploy.0 = Debug|Any CPU
		{DA46498A-151A-456E-9932-25348BD2016D}.Debug|ARM.ActiveCfg = Debug|Any CPU
		{DA46498A-151A-456E-9932-25348BD2016D}.Debug|ARM.Build.0 = Debug|Any CPU
		{DA46498A-151A-456E-9932-25348BD2016D}.Debug|ARM.Deploy.0 = Debug|Any CPU
		{DA46498A-151A-456E-9932-25348BD2016D}.Debug|iPhone.ActiveCfg = Debug|Any CPU
		{DA46498A-151A-456E-9932-25348BD2016D}.Debug|iPhone.Build.0 = Debug|Any CPU
		{DA46498A-151A-456E-9932-25348BD2016D}.Debug|iPhone.Deploy.0 = Debug|Any CPU
		{DA46498A-151A-456E-9932-25348BD2016D}.Debug|iPhoneSimulator.ActiveCfg = Debug|Any CPU
		{DA46498A-151A-456E-9932-25348BD2016D}.Debug|iPhoneSimulator.Build.0 = Debug|Any CPU
		{DA46498A-151A-456E-9932-25348BD2016D}.Debug|iPhoneSimulator.Deploy.0 = Debug|Any CPU
		{DA46498A-151A-456E-9932-25348BD2016D}.Debug|x64.ActiveCfg = Debug|Any CPU
		{DA46498A-151A-456E-9932-25348BD2016D}.Debug|x64.Build.0 = Debug|Any CPU
		{DA46498A-151A-456E-9932-25348BD2016D}.Debug|x64.Deploy.0 = Debug|Any CPU
		{DA46498A-151A-456E-9932-25348BD2016D}.Debug|x86.ActiveCfg = Debug|Any CPU
		{DA46498A-151A-456E-9932-25348BD2016D}.Debug|x86.Build.0 = Debug|Any CPU
		{DA46498A-151A-456E-9932-25348BD2016D}.Debug|x86.Deploy.0 = Debug|Any CPU
		{DA46498A-151A-456E-9932-25348BD2016D}.Release|Any CPU.ActiveCfg = Release|Any CPU
		{DA46498A-151A-456E-9932-25348BD2016D}.Release|Any CPU.Build.0 = Release|Any CPU
		{DA46498A-151A-456E-9932-25348BD2016D}.Release|Any CPU.Deploy.0 = Release|Any CPU
		{DA46498A-151A-456E-9932-25348BD2016D}.Release|ARM.ActiveCfg = Release|Any CPU
		{DA46498A-151A-456E-9932-25348BD2016D}.Release|ARM.Build.0 = Release|Any CPU
		{DA46498A-151A-456E-9932-25348BD2016D}.Release|ARM.Deploy.0 = Release|Any CPU
		{DA46498A-151A-456E-9932-25348BD2016D}.Release|iPhone.ActiveCfg = Release|Any CPU
		{DA46498A-151A-456E-9932-25348BD2016D}.Release|iPhone.Build.0 = Release|Any CPU
		{DA46498A-151A-456E-9932-25348BD2016D}.Release|iPhone.Deploy.0 = Release|Any CPU
		{DA46498A-151A-456E-9932-25348BD2016D}.Release|iPhoneSimulator.ActiveCfg = Release|Any CPU
		{DA46498A-151A-456E-9932-25348BD2016D}.Release|iPhoneSimulator.Build.0 = Release|Any CPU
		{DA46498A-151A-456E-9932-25348BD2016D}.Release|iPhoneSimulator.Deploy.0 = Release|Any CPU
		{DA46498A-151A-456E-9932-25348BD2016D}.Release|x64.ActiveCfg = Release|Any CPU
		{DA46498A-151A-456E-9932-25348BD2016D}.Release|x64.Build.0 = Release|Any CPU
		{DA46498A-151A-456E-9932-25348BD2016D}.Release|x64.Deploy.0 = Release|Any CPU
		{DA46498A-151A-456E-9932-25348BD2016D}.Release|x86.ActiveCfg = Release|Any CPU
		{DA46498A-151A-456E-9932-25348BD2016D}.Release|x86.Build.0 = Release|Any CPU
		{DA46498A-151A-456E-9932-25348BD2016D}.Release|x86.Deploy.0 = Release|Any CPU
		{A9D657AE-079C-4603-A2E6-6EA24A1296CC}.Ad-Hoc|Any CPU.ActiveCfg = Ad-Hoc|iPhone
		{A9D657AE-079C-4603-A2E6-6EA24A1296CC}.Ad-Hoc|ARM.ActiveCfg = Ad-Hoc|iPhone
		{A9D657AE-079C-4603-A2E6-6EA24A1296CC}.Ad-Hoc|iPhone.ActiveCfg = Ad-Hoc|iPhone
		{A9D657AE-079C-4603-A2E6-6EA24A1296CC}.Ad-Hoc|iPhone.Build.0 = Ad-Hoc|iPhone
		{A9D657AE-079C-4603-A2E6-6EA24A1296CC}.Ad-Hoc|iPhoneSimulator.ActiveCfg = Ad-Hoc|iPhoneSimulator
		{A9D657AE-079C-4603-A2E6-6EA24A1296CC}.Ad-Hoc|iPhoneSimulator.Build.0 = Ad-Hoc|iPhoneSimulator
		{A9D657AE-079C-4603-A2E6-6EA24A1296CC}.Ad-Hoc|x64.ActiveCfg = Ad-Hoc|iPhone
		{A9D657AE-079C-4603-A2E6-6EA24A1296CC}.Ad-Hoc|x86.ActiveCfg = Ad-Hoc|iPhone
		{A9D657AE-079C-4603-A2E6-6EA24A1296CC}.AppStore|Any CPU.ActiveCfg = AppStore|iPhone
		{A9D657AE-079C-4603-A2E6-6EA24A1296CC}.AppStore|ARM.ActiveCfg = AppStore|iPhone
		{A9D657AE-079C-4603-A2E6-6EA24A1296CC}.AppStore|iPhone.ActiveCfg = AppStore|iPhone
		{A9D657AE-079C-4603-A2E6-6EA24A1296CC}.AppStore|iPhone.Build.0 = AppStore|iPhone
		{A9D657AE-079C-4603-A2E6-6EA24A1296CC}.AppStore|iPhoneSimulator.ActiveCfg = AppStore|iPhoneSimulator
		{A9D657AE-079C-4603-A2E6-6EA24A1296CC}.AppStore|iPhoneSimulator.Build.0 = AppStore|iPhoneSimulator
		{A9D657AE-079C-4603-A2E6-6EA24A1296CC}.AppStore|x64.ActiveCfg = AppStore|iPhone
		{A9D657AE-079C-4603-A2E6-6EA24A1296CC}.AppStore|x86.ActiveCfg = AppStore|iPhone
		{A9D657AE-079C-4603-A2E6-6EA24A1296CC}.Debug|Any CPU.ActiveCfg = Debug|iPhone
		{A9D657AE-079C-4603-A2E6-6EA24A1296CC}.Debug|ARM.ActiveCfg = Debug|iPhone
		{A9D657AE-079C-4603-A2E6-6EA24A1296CC}.Debug|iPhone.ActiveCfg = Debug|iPhone
		{A9D657AE-079C-4603-A2E6-6EA24A1296CC}.Debug|iPhone.Build.0 = Debug|iPhone
		{A9D657AE-079C-4603-A2E6-6EA24A1296CC}.Debug|iPhoneSimulator.ActiveCfg = Debug|iPhoneSimulator
		{A9D657AE-079C-4603-A2E6-6EA24A1296CC}.Debug|iPhoneSimulator.Build.0 = Debug|iPhoneSimulator
		{A9D657AE-079C-4603-A2E6-6EA24A1296CC}.Debug|x64.ActiveCfg = Debug|iPhone
		{A9D657AE-079C-4603-A2E6-6EA24A1296CC}.Debug|x86.ActiveCfg = Debug|iPhone
		{A9D657AE-079C-4603-A2E6-6EA24A1296CC}.Release|Any CPU.ActiveCfg = Release|iPhone
		{A9D657AE-079C-4603-A2E6-6EA24A1296CC}.Release|ARM.ActiveCfg = Release|iPhone
		{A9D657AE-079C-4603-A2E6-6EA24A1296CC}.Release|iPhone.ActiveCfg = Release|iPhone
		{A9D657AE-079C-4603-A2E6-6EA24A1296CC}.Release|iPhone.Build.0 = Release|iPhone
		{A9D657AE-079C-4603-A2E6-6EA24A1296CC}.Release|iPhoneSimulator.ActiveCfg = Release|iPhoneSimulator
		{A9D657AE-079C-4603-A2E6-6EA24A1296CC}.Release|iPhoneSimulator.Build.0 = Release|iPhoneSimulator
		{A9D657AE-079C-4603-A2E6-6EA24A1296CC}.Release|x64.ActiveCfg = Release|iPhone
		{A9D657AE-079C-4603-A2E6-6EA24A1296CC}.Release|x86.ActiveCfg = Release|iPhone
		{64F98F15-8E8D-4D85-A4EF-0034CAE8DFD6}.Ad-Hoc|Any CPU.ActiveCfg = Release|Any CPU
		{64F98F15-8E8D-4D85-A4EF-0034CAE8DFD6}.Ad-Hoc|Any CPU.Build.0 = Release|Any CPU
		{64F98F15-8E8D-4D85-A4EF-0034CAE8DFD6}.Ad-Hoc|Any CPU.Deploy.0 = Release|Any CPU
		{64F98F15-8E8D-4D85-A4EF-0034CAE8DFD6}.Ad-Hoc|ARM.ActiveCfg = Release|ARM
		{64F98F15-8E8D-4D85-A4EF-0034CAE8DFD6}.Ad-Hoc|ARM.Build.0 = Release|ARM
		{64F98F15-8E8D-4D85-A4EF-0034CAE8DFD6}.Ad-Hoc|ARM.Deploy.0 = Release|ARM
		{64F98F15-8E8D-4D85-A4EF-0034CAE8DFD6}.Ad-Hoc|iPhone.ActiveCfg = Release|Any CPU
		{64F98F15-8E8D-4D85-A4EF-0034CAE8DFD6}.Ad-Hoc|iPhone.Build.0 = Release|Any CPU
		{64F98F15-8E8D-4D85-A4EF-0034CAE8DFD6}.Ad-Hoc|iPhone.Deploy.0 = Release|Any CPU
		{64F98F15-8E8D-4D85-A4EF-0034CAE8DFD6}.Ad-Hoc|iPhoneSimulator.ActiveCfg = Release|Any CPU
		{64F98F15-8E8D-4D85-A4EF-0034CAE8DFD6}.Ad-Hoc|iPhoneSimulator.Build.0 = Release|Any CPU
		{64F98F15-8E8D-4D85-A4EF-0034CAE8DFD6}.Ad-Hoc|iPhoneSimulator.Deploy.0 = Release|Any CPU
		{64F98F15-8E8D-4D85-A4EF-0034CAE8DFD6}.Ad-Hoc|x64.ActiveCfg = Release|Any CPU
		{64F98F15-8E8D-4D85-A4EF-0034CAE8DFD6}.Ad-Hoc|x64.Build.0 = Release|Any CPU
		{64F98F15-8E8D-4D85-A4EF-0034CAE8DFD6}.Ad-Hoc|x64.Deploy.0 = Release|Any CPU
		{64F98F15-8E8D-4D85-A4EF-0034CAE8DFD6}.Ad-Hoc|x86.ActiveCfg = Release|x86
		{64F98F15-8E8D-4D85-A4EF-0034CAE8DFD6}.Ad-Hoc|x86.Build.0 = Release|x86
		{64F98F15-8E8D-4D85-A4EF-0034CAE8DFD6}.Ad-Hoc|x86.Deploy.0 = Release|x86
		{64F98F15-8E8D-4D85-A4EF-0034CAE8DFD6}.AppStore|Any CPU.ActiveCfg = Release|Any CPU
		{64F98F15-8E8D-4D85-A4EF-0034CAE8DFD6}.AppStore|Any CPU.Build.0 = Release|Any CPU
		{64F98F15-8E8D-4D85-A4EF-0034CAE8DFD6}.AppStore|Any CPU.Deploy.0 = Release|Any CPU
		{64F98F15-8E8D-4D85-A4EF-0034CAE8DFD6}.AppStore|ARM.ActiveCfg = Release|ARM
		{64F98F15-8E8D-4D85-A4EF-0034CAE8DFD6}.AppStore|ARM.Build.0 = Release|ARM
		{64F98F15-8E8D-4D85-A4EF-0034CAE8DFD6}.AppStore|ARM.Deploy.0 = Release|ARM
		{64F98F15-8E8D-4D85-A4EF-0034CAE8DFD6}.AppStore|iPhone.ActiveCfg = Release|Any CPU
		{64F98F15-8E8D-4D85-A4EF-0034CAE8DFD6}.AppStore|iPhone.Build.0 = Release|Any CPU
		{64F98F15-8E8D-4D85-A4EF-0034CAE8DFD6}.AppStore|iPhone.Deploy.0 = Release|Any CPU
		{64F98F15-8E8D-4D85-A4EF-0034CAE8DFD6}.AppStore|iPhoneSimulator.ActiveCfg = Release|Any CPU
		{64F98F15-8E8D-4D85-A4EF-0034CAE8DFD6}.AppStore|iPhoneSimulator.Build.0 = Release|Any CPU
		{64F98F15-8E8D-4D85-A4EF-0034CAE8DFD6}.AppStore|iPhoneSimulator.Deploy.0 = Release|Any CPU
		{64F98F15-8E8D-4D85-A4EF-0034CAE8DFD6}.AppStore|x64.ActiveCfg = Release|Any CPU
		{64F98F15-8E8D-4D85-A4EF-0034CAE8DFD6}.AppStore|x64.Build.0 = Release|Any CPU
		{64F98F15-8E8D-4D85-A4EF-0034CAE8DFD6}.AppStore|x64.Deploy.0 = Release|Any CPU
		{64F98F15-8E8D-4D85-A4EF-0034CAE8DFD6}.AppStore|x86.ActiveCfg = Release|x86
		{64F98F15-8E8D-4D85-A4EF-0034CAE8DFD6}.AppStore|x86.Build.0 = Release|x86
		{64F98F15-8E8D-4D85-A4EF-0034CAE8DFD6}.AppStore|x86.Deploy.0 = Release|x86
		{64F98F15-8E8D-4D85-A4EF-0034CAE8DFD6}.Debug|Any CPU.ActiveCfg = Debug|Any CPU
		{64F98F15-8E8D-4D85-A4EF-0034CAE8DFD6}.Debug|Any CPU.Build.0 = Debug|Any CPU
		{64F98F15-8E8D-4D85-A4EF-0034CAE8DFD6}.Debug|Any CPU.Deploy.0 = Debug|Any CPU
		{64F98F15-8E8D-4D85-A4EF-0034CAE8DFD6}.Debug|ARM.ActiveCfg = Debug|ARM
		{64F98F15-8E8D-4D85-A4EF-0034CAE8DFD6}.Debug|ARM.Build.0 = Debug|ARM
		{64F98F15-8E8D-4D85-A4EF-0034CAE8DFD6}.Debug|ARM.Deploy.0 = Debug|ARM
		{64F98F15-8E8D-4D85-A4EF-0034CAE8DFD6}.Debug|iPhone.ActiveCfg = Debug|Any CPU
		{64F98F15-8E8D-4D85-A4EF-0034CAE8DFD6}.Debug|iPhone.Build.0 = Debug|Any CPU
		{64F98F15-8E8D-4D85-A4EF-0034CAE8DFD6}.Debug|iPhone.Deploy.0 = Debug|Any CPU
		{64F98F15-8E8D-4D85-A4EF-0034CAE8DFD6}.Debug|iPhoneSimulator.ActiveCfg = Debug|Any CPU
		{64F98F15-8E8D-4D85-A4EF-0034CAE8DFD6}.Debug|iPhoneSimulator.Build.0 = Debug|Any CPU
		{64F98F15-8E8D-4D85-A4EF-0034CAE8DFD6}.Debug|iPhoneSimulator.Deploy.0 = Debug|Any CPU
		{64F98F15-8E8D-4D85-A4EF-0034CAE8DFD6}.Debug|x64.ActiveCfg = Debug|Any CPU
		{64F98F15-8E8D-4D85-A4EF-0034CAE8DFD6}.Debug|x64.Build.0 = Debug|Any CPU
		{64F98F15-8E8D-4D85-A4EF-0034CAE8DFD6}.Debug|x64.Deploy.0 = Debug|Any CPU
		{64F98F15-8E8D-4D85-A4EF-0034CAE8DFD6}.Debug|x86.ActiveCfg = Debug|x86
		{64F98F15-8E8D-4D85-A4EF-0034CAE8DFD6}.Debug|x86.Build.0 = Debug|x86
		{64F98F15-8E8D-4D85-A4EF-0034CAE8DFD6}.Debug|x86.Deploy.0 = Debug|x86
		{64F98F15-8E8D-4D85-A4EF-0034CAE8DFD6}.Release|Any CPU.ActiveCfg = Release|Any CPU
		{64F98F15-8E8D-4D85-A4EF-0034CAE8DFD6}.Release|Any CPU.Build.0 = Release|Any CPU
		{64F98F15-8E8D-4D85-A4EF-0034CAE8DFD6}.Release|Any CPU.Deploy.0 = Release|Any CPU
		{64F98F15-8E8D-4D85-A4EF-0034CAE8DFD6}.Release|ARM.ActiveCfg = Release|ARM
		{64F98F15-8E8D-4D85-A4EF-0034CAE8DFD6}.Release|ARM.Build.0 = Release|ARM
		{64F98F15-8E8D-4D85-A4EF-0034CAE8DFD6}.Release|ARM.Deploy.0 = Release|ARM
		{64F98F15-8E8D-4D85-A4EF-0034CAE8DFD6}.Release|iPhone.ActiveCfg = Release|Any CPU
		{64F98F15-8E8D-4D85-A4EF-0034CAE8DFD6}.Release|iPhone.Build.0 = Release|Any CPU
		{64F98F15-8E8D-4D85-A4EF-0034CAE8DFD6}.Release|iPhone.Deploy.0 = Release|Any CPU
		{64F98F15-8E8D-4D85-A4EF-0034CAE8DFD6}.Release|iPhoneSimulator.ActiveCfg = Release|Any CPU
		{64F98F15-8E8D-4D85-A4EF-0034CAE8DFD6}.Release|iPhoneSimulator.Build.0 = Release|Any CPU
		{64F98F15-8E8D-4D85-A4EF-0034CAE8DFD6}.Release|iPhoneSimulator.Deploy.0 = Release|Any CPU
		{64F98F15-8E8D-4D85-A4EF-0034CAE8DFD6}.Release|x64.ActiveCfg = Release|Any CPU
		{64F98F15-8E8D-4D85-A4EF-0034CAE8DFD6}.Release|x64.Build.0 = Release|Any CPU
		{64F98F15-8E8D-4D85-A4EF-0034CAE8DFD6}.Release|x64.Deploy.0 = Release|Any CPU
		{64F98F15-8E8D-4D85-A4EF-0034CAE8DFD6}.Release|x86.ActiveCfg = Release|x86
		{64F98F15-8E8D-4D85-A4EF-0034CAE8DFD6}.Release|x86.Build.0 = Release|x86
		{64F98F15-8E8D-4D85-A4EF-0034CAE8DFD6}.Release|x86.Deploy.0 = Release|x86
		{2366D92E-580C-465F-A301-52E34970CDF1}.Ad-Hoc|Any CPU.ActiveCfg = Release|x86
		{2366D92E-580C-465F-A301-52E34970CDF1}.Ad-Hoc|Any CPU.Build.0 = Release|x86
		{2366D92E-580C-465F-A301-52E34970CDF1}.Ad-Hoc|Any CPU.Deploy.0 = Release|x86
		{2366D92E-580C-465F-A301-52E34970CDF1}.Ad-Hoc|ARM.ActiveCfg = Release|ARM
		{2366D92E-580C-465F-A301-52E34970CDF1}.Ad-Hoc|ARM.Build.0 = Release|ARM
		{2366D92E-580C-465F-A301-52E34970CDF1}.Ad-Hoc|ARM.Deploy.0 = Release|ARM
		{2366D92E-580C-465F-A301-52E34970CDF1}.Ad-Hoc|iPhone.ActiveCfg = Release|x86
		{2366D92E-580C-465F-A301-52E34970CDF1}.Ad-Hoc|iPhone.Build.0 = Release|x86
		{2366D92E-580C-465F-A301-52E34970CDF1}.Ad-Hoc|iPhone.Deploy.0 = Release|x86
		{2366D92E-580C-465F-A301-52E34970CDF1}.Ad-Hoc|iPhoneSimulator.ActiveCfg = Release|x86
		{2366D92E-580C-465F-A301-52E34970CDF1}.Ad-Hoc|iPhoneSimulator.Build.0 = Release|x86
		{2366D92E-580C-465F-A301-52E34970CDF1}.Ad-Hoc|iPhoneSimulator.Deploy.0 = Release|x86
		{2366D92E-580C-465F-A301-52E34970CDF1}.Ad-Hoc|x64.ActiveCfg = Release|x64
		{2366D92E-580C-465F-A301-52E34970CDF1}.Ad-Hoc|x64.Build.0 = Release|x64
		{2366D92E-580C-465F-A301-52E34970CDF1}.Ad-Hoc|x64.Deploy.0 = Release|x64
		{2366D92E-580C-465F-A301-52E34970CDF1}.Ad-Hoc|x86.ActiveCfg = Release|x86
		{2366D92E-580C-465F-A301-52E34970CDF1}.Ad-Hoc|x86.Build.0 = Release|x86
		{2366D92E-580C-465F-A301-52E34970CDF1}.Ad-Hoc|x86.Deploy.0 = Release|x86
		{2366D92E-580C-465F-A301-52E34970CDF1}.AppStore|Any CPU.ActiveCfg = Release|x86
		{2366D92E-580C-465F-A301-52E34970CDF1}.AppStore|Any CPU.Build.0 = Release|x86
		{2366D92E-580C-465F-A301-52E34970CDF1}.AppStore|Any CPU.Deploy.0 = Release|x86
		{2366D92E-580C-465F-A301-52E34970CDF1}.AppStore|ARM.ActiveCfg = Release|ARM
		{2366D92E-580C-465F-A301-52E34970CDF1}.AppStore|ARM.Build.0 = Release|ARM
		{2366D92E-580C-465F-A301-52E34970CDF1}.AppStore|ARM.Deploy.0 = Release|ARM
		{2366D92E-580C-465F-A301-52E34970CDF1}.AppStore|iPhone.ActiveCfg = Release|x86
		{2366D92E-580C-465F-A301-52E34970CDF1}.AppStore|iPhone.Build.0 = Release|x86
		{2366D92E-580C-465F-A301-52E34970CDF1}.AppStore|iPhone.Deploy.0 = Release|x86
		{2366D92E-580C-465F-A301-52E34970CDF1}.AppStore|iPhoneSimulator.ActiveCfg = Release|x86
		{2366D92E-580C-465F-A301-52E34970CDF1}.AppStore|iPhoneSimulator.Build.0 = Release|x86
		{2366D92E-580C-465F-A301-52E34970CDF1}.AppStore|iPhoneSimulator.Deploy.0 = Release|x86
		{2366D92E-580C-465F-A301-52E34970CDF1}.AppStore|x64.ActiveCfg = Release|x64
		{2366D92E-580C-465F-A301-52E34970CDF1}.AppStore|x64.Build.0 = Release|x64
		{2366D92E-580C-465F-A301-52E34970CDF1}.AppStore|x64.Deploy.0 = Release|x64
		{2366D92E-580C-465F-A301-52E34970CDF1}.AppStore|x86.ActiveCfg = Release|x86
		{2366D92E-580C-465F-A301-52E34970CDF1}.AppStore|x86.Build.0 = Release|x86
		{2366D92E-580C-465F-A301-52E34970CDF1}.AppStore|x86.Deploy.0 = Release|x86
		{2366D92E-580C-465F-A301-52E34970CDF1}.Debug|Any CPU.ActiveCfg = Debug|x86
		{2366D92E-580C-465F-A301-52E34970CDF1}.Debug|ARM.ActiveCfg = Debug|ARM
		{2366D92E-580C-465F-A301-52E34970CDF1}.Debug|ARM.Build.0 = Debug|ARM
		{2366D92E-580C-465F-A301-52E34970CDF1}.Debug|ARM.Deploy.0 = Debug|ARM
		{2366D92E-580C-465F-A301-52E34970CDF1}.Debug|iPhone.ActiveCfg = Debug|x86
		{2366D92E-580C-465F-A301-52E34970CDF1}.Debug|iPhoneSimulator.ActiveCfg = Debug|x86
		{2366D92E-580C-465F-A301-52E34970CDF1}.Debug|x64.ActiveCfg = Debug|x64
		{2366D92E-580C-465F-A301-52E34970CDF1}.Debug|x64.Build.0 = Debug|x64
		{2366D92E-580C-465F-A301-52E34970CDF1}.Debug|x64.Deploy.0 = Debug|x64
		{2366D92E-580C-465F-A301-52E34970CDF1}.Debug|x86.ActiveCfg = Debug|x86
		{2366D92E-580C-465F-A301-52E34970CDF1}.Debug|x86.Build.0 = Debug|x86
		{2366D92E-580C-465F-A301-52E34970CDF1}.Debug|x86.Deploy.0 = Debug|x86
		{2366D92E-580C-465F-A301-52E34970CDF1}.Release|Any CPU.ActiveCfg = Release|x86
		{2366D92E-580C-465F-A301-52E34970CDF1}.Release|ARM.ActiveCfg = Release|ARM
		{2366D92E-580C-465F-A301-52E34970CDF1}.Release|ARM.Build.0 = Release|ARM
		{2366D92E-580C-465F-A301-52E34970CDF1}.Release|ARM.Deploy.0 = Release|ARM
		{2366D92E-580C-465F-A301-52E34970CDF1}.Release|iPhone.ActiveCfg = Release|x86
		{2366D92E-580C-465F-A301-52E34970CDF1}.Release|iPhoneSimulator.ActiveCfg = Release|x86
		{2366D92E-580C-465F-A301-52E34970CDF1}.Release|x64.ActiveCfg = Release|x64
		{2366D92E-580C-465F-A301-52E34970CDF1}.Release|x64.Build.0 = Release|x64
		{2366D92E-580C-465F-A301-52E34970CDF1}.Release|x64.Deploy.0 = Release|x64
		{2366D92E-580C-465F-A301-52E34970CDF1}.Release|x86.ActiveCfg = Release|x86
		{2366D92E-580C-465F-A301-52E34970CDF1}.Release|x86.Build.0 = Release|x86
		{2366D92E-580C-465F-A301-52E34970CDF1}.Release|x86.Deploy.0 = Release|x86
		{D9BF9A3D-9326-45B3-B876-0F7366D3E13B}.Ad-Hoc|Any CPU.ActiveCfg = Release|Any CPU
		{D9BF9A3D-9326-45B3-B876-0F7366D3E13B}.Ad-Hoc|Any CPU.Build.0 = Release|Any CPU
		{D9BF9A3D-9326-45B3-B876-0F7366D3E13B}.Ad-Hoc|Any CPU.Deploy.0 = Release|Any CPU
		{D9BF9A3D-9326-45B3-B876-0F7366D3E13B}.Ad-Hoc|ARM.ActiveCfg = Release|ARM
		{D9BF9A3D-9326-45B3-B876-0F7366D3E13B}.Ad-Hoc|ARM.Build.0 = Release|ARM
		{D9BF9A3D-9326-45B3-B876-0F7366D3E13B}.Ad-Hoc|ARM.Deploy.0 = Release|ARM
		{D9BF9A3D-9326-45B3-B876-0F7366D3E13B}.Ad-Hoc|iPhone.ActiveCfg = Release|Any CPU
		{D9BF9A3D-9326-45B3-B876-0F7366D3E13B}.Ad-Hoc|iPhone.Build.0 = Release|Any CPU
		{D9BF9A3D-9326-45B3-B876-0F7366D3E13B}.Ad-Hoc|iPhone.Deploy.0 = Release|Any CPU
		{D9BF9A3D-9326-45B3-B876-0F7366D3E13B}.Ad-Hoc|iPhoneSimulator.ActiveCfg = Release|Any CPU
		{D9BF9A3D-9326-45B3-B876-0F7366D3E13B}.Ad-Hoc|iPhoneSimulator.Build.0 = Release|Any CPU
		{D9BF9A3D-9326-45B3-B876-0F7366D3E13B}.Ad-Hoc|iPhoneSimulator.Deploy.0 = Release|Any CPU
		{D9BF9A3D-9326-45B3-B876-0F7366D3E13B}.Ad-Hoc|x64.ActiveCfg = Release|x64
		{D9BF9A3D-9326-45B3-B876-0F7366D3E13B}.Ad-Hoc|x64.Build.0 = Release|x64
		{D9BF9A3D-9326-45B3-B876-0F7366D3E13B}.Ad-Hoc|x64.Deploy.0 = Release|x64
		{D9BF9A3D-9326-45B3-B876-0F7366D3E13B}.Ad-Hoc|x86.ActiveCfg = Release|x86
		{D9BF9A3D-9326-45B3-B876-0F7366D3E13B}.Ad-Hoc|x86.Build.0 = Release|x86
		{D9BF9A3D-9326-45B3-B876-0F7366D3E13B}.Ad-Hoc|x86.Deploy.0 = Release|x86
		{D9BF9A3D-9326-45B3-B876-0F7366D3E13B}.AppStore|Any CPU.ActiveCfg = Release|Any CPU
		{D9BF9A3D-9326-45B3-B876-0F7366D3E13B}.AppStore|Any CPU.Build.0 = Release|Any CPU
		{D9BF9A3D-9326-45B3-B876-0F7366D3E13B}.AppStore|Any CPU.Deploy.0 = Release|Any CPU
		{D9BF9A3D-9326-45B3-B876-0F7366D3E13B}.AppStore|ARM.ActiveCfg = Release|ARM
		{D9BF9A3D-9326-45B3-B876-0F7366D3E13B}.AppStore|ARM.Build.0 = Release|ARM
		{D9BF9A3D-9326-45B3-B876-0F7366D3E13B}.AppStore|ARM.Deploy.0 = Release|ARM
		{D9BF9A3D-9326-45B3-B876-0F7366D3E13B}.AppStore|iPhone.ActiveCfg = Release|Any CPU
		{D9BF9A3D-9326-45B3-B876-0F7366D3E13B}.AppStore|iPhone.Build.0 = Release|Any CPU
		{D9BF9A3D-9326-45B3-B876-0F7366D3E13B}.AppStore|iPhone.Deploy.0 = Release|Any CPU
		{D9BF9A3D-9326-45B3-B876-0F7366D3E13B}.AppStore|iPhoneSimulator.ActiveCfg = Release|Any CPU
		{D9BF9A3D-9326-45B3-B876-0F7366D3E13B}.AppStore|iPhoneSimulator.Build.0 = Release|Any CPU
		{D9BF9A3D-9326-45B3-B876-0F7366D3E13B}.AppStore|iPhoneSimulator.Deploy.0 = Release|Any CPU
		{D9BF9A3D-9326-45B3-B876-0F7366D3E13B}.AppStore|x64.ActiveCfg = Release|x64
		{D9BF9A3D-9326-45B3-B876-0F7366D3E13B}.AppStore|x64.Build.0 = Release|x64
		{D9BF9A3D-9326-45B3-B876-0F7366D3E13B}.AppStore|x64.Deploy.0 = Release|x64
		{D9BF9A3D-9326-45B3-B876-0F7366D3E13B}.AppStore|x86.ActiveCfg = Release|x86
		{D9BF9A3D-9326-45B3-B876-0F7366D3E13B}.AppStore|x86.Build.0 = Release|x86
		{D9BF9A3D-9326-45B3-B876-0F7366D3E13B}.AppStore|x86.Deploy.0 = Release|x86
		{D9BF9A3D-9326-45B3-B876-0F7366D3E13B}.Debug|Any CPU.ActiveCfg = Debug|Any CPU
		{D9BF9A3D-9326-45B3-B876-0F7366D3E13B}.Debug|Any CPU.Build.0 = Debug|Any CPU
		{D9BF9A3D-9326-45B3-B876-0F7366D3E13B}.Debug|Any CPU.Deploy.0 = Debug|Any CPU
		{D9BF9A3D-9326-45B3-B876-0F7366D3E13B}.Debug|ARM.ActiveCfg = Debug|ARM
		{D9BF9A3D-9326-45B3-B876-0F7366D3E13B}.Debug|ARM.Build.0 = Debug|ARM
		{D9BF9A3D-9326-45B3-B876-0F7366D3E13B}.Debug|ARM.Deploy.0 = Debug|ARM
		{D9BF9A3D-9326-45B3-B876-0F7366D3E13B}.Debug|iPhone.ActiveCfg = Debug|Any CPU
		{D9BF9A3D-9326-45B3-B876-0F7366D3E13B}.Debug|iPhone.Build.0 = Debug|Any CPU
		{D9BF9A3D-9326-45B3-B876-0F7366D3E13B}.Debug|iPhone.Deploy.0 = Debug|Any CPU
		{D9BF9A3D-9326-45B3-B876-0F7366D3E13B}.Debug|iPhoneSimulator.ActiveCfg = Debug|Any CPU
		{D9BF9A3D-9326-45B3-B876-0F7366D3E13B}.Debug|iPhoneSimulator.Build.0 = Debug|Any CPU
		{D9BF9A3D-9326-45B3-B876-0F7366D3E13B}.Debug|iPhoneSimulator.Deploy.0 = Debug|Any CPU
		{D9BF9A3D-9326-45B3-B876-0F7366D3E13B}.Debug|x64.ActiveCfg = Debug|x64
		{D9BF9A3D-9326-45B3-B876-0F7366D3E13B}.Debug|x64.Build.0 = Debug|x64
		{D9BF9A3D-9326-45B3-B876-0F7366D3E13B}.Debug|x64.Deploy.0 = Debug|x64
		{D9BF9A3D-9326-45B3-B876-0F7366D3E13B}.Debug|x86.ActiveCfg = Debug|x86
		{D9BF9A3D-9326-45B3-B876-0F7366D3E13B}.Debug|x86.Build.0 = Debug|x86
		{D9BF9A3D-9326-45B3-B876-0F7366D3E13B}.Debug|x86.Deploy.0 = Debug|x86
		{D9BF9A3D-9326-45B3-B876-0F7366D3E13B}.Release|Any CPU.ActiveCfg = Release|Any CPU
		{D9BF9A3D-9326-45B3-B876-0F7366D3E13B}.Release|Any CPU.Build.0 = Release|Any CPU
		{D9BF9A3D-9326-45B3-B876-0F7366D3E13B}.Release|Any CPU.Deploy.0 = Release|Any CPU
		{D9BF9A3D-9326-45B3-B876-0F7366D3E13B}.Release|ARM.ActiveCfg = Release|ARM
		{D9BF9A3D-9326-45B3-B876-0F7366D3E13B}.Release|ARM.Build.0 = Release|ARM
		{D9BF9A3D-9326-45B3-B876-0F7366D3E13B}.Release|ARM.Deploy.0 = Release|ARM
		{D9BF9A3D-9326-45B3-B876-0F7366D3E13B}.Release|iPhone.ActiveCfg = Release|Any CPU
		{D9BF9A3D-9326-45B3-B876-0F7366D3E13B}.Release|iPhone.Build.0 = Release|Any CPU
		{D9BF9A3D-9326-45B3-B876-0F7366D3E13B}.Release|iPhone.Deploy.0 = Release|Any CPU
		{D9BF9A3D-9326-45B3-B876-0F7366D3E13B}.Release|iPhoneSimulator.ActiveCfg = Release|Any CPU
		{D9BF9A3D-9326-45B3-B876-0F7366D3E13B}.Release|iPhoneSimulator.Build.0 = Release|Any CPU
		{D9BF9A3D-9326-45B3-B876-0F7366D3E13B}.Release|iPhoneSimulator.Deploy.0 = Release|Any CPU
		{D9BF9A3D-9326-45B3-B876-0F7366D3E13B}.Release|x64.ActiveCfg = Release|x64
		{D9BF9A3D-9326-45B3-B876-0F7366D3E13B}.Release|x64.Build.0 = Release|x64
		{D9BF9A3D-9326-45B3-B876-0F7366D3E13B}.Release|x64.Deploy.0 = Release|x64
		{D9BF9A3D-9326-45B3-B876-0F7366D3E13B}.Release|x86.ActiveCfg = Release|x86
		{D9BF9A3D-9326-45B3-B876-0F7366D3E13B}.Release|x86.Build.0 = Release|x86
		{D9BF9A3D-9326-45B3-B876-0F7366D3E13B}.Release|x86.Deploy.0 = Release|x86
		{D2E138C7-317F-416E-94F9-46FE9E36DA60}.Ad-Hoc|Any CPU.ActiveCfg = Release|Any CPU
		{D2E138C7-317F-416E-94F9-46FE9E36DA60}.Ad-Hoc|Any CPU.Build.0 = Release|Any CPU
		{D2E138C7-317F-416E-94F9-46FE9E36DA60}.Ad-Hoc|ARM.ActiveCfg = Release|Any CPU
		{D2E138C7-317F-416E-94F9-46FE9E36DA60}.Ad-Hoc|ARM.Build.0 = Release|Any CPU
		{D2E138C7-317F-416E-94F9-46FE9E36DA60}.Ad-Hoc|iPhone.ActiveCfg = Release|Any CPU
		{D2E138C7-317F-416E-94F9-46FE9E36DA60}.Ad-Hoc|iPhone.Build.0 = Release|Any CPU
		{D2E138C7-317F-416E-94F9-46FE9E36DA60}.Ad-Hoc|iPhoneSimulator.ActiveCfg = Release|Any CPU
		{D2E138C7-317F-416E-94F9-46FE9E36DA60}.Ad-Hoc|iPhoneSimulator.Build.0 = Release|Any CPU
		{D2E138C7-317F-416E-94F9-46FE9E36DA60}.Ad-Hoc|x64.ActiveCfg = Release|Any CPU
		{D2E138C7-317F-416E-94F9-46FE9E36DA60}.Ad-Hoc|x64.Build.0 = Release|Any CPU
		{D2E138C7-317F-416E-94F9-46FE9E36DA60}.Ad-Hoc|x86.ActiveCfg = Release|Any CPU
		{D2E138C7-317F-416E-94F9-46FE9E36DA60}.Ad-Hoc|x86.Build.0 = Release|Any CPU
		{D2E138C7-317F-416E-94F9-46FE9E36DA60}.AppStore|Any CPU.ActiveCfg = Release|Any CPU
		{D2E138C7-317F-416E-94F9-46FE9E36DA60}.AppStore|Any CPU.Build.0 = Release|Any CPU
		{D2E138C7-317F-416E-94F9-46FE9E36DA60}.AppStore|ARM.ActiveCfg = Release|Any CPU
		{D2E138C7-317F-416E-94F9-46FE9E36DA60}.AppStore|ARM.Build.0 = Release|Any CPU
		{D2E138C7-317F-416E-94F9-46FE9E36DA60}.AppStore|iPhone.ActiveCfg = Release|Any CPU
		{D2E138C7-317F-416E-94F9-46FE9E36DA60}.AppStore|iPhone.Build.0 = Release|Any CPU
		{D2E138C7-317F-416E-94F9-46FE9E36DA60}.AppStore|iPhoneSimulator.ActiveCfg = Release|Any CPU
		{D2E138C7-317F-416E-94F9-46FE9E36DA60}.AppStore|iPhoneSimulator.Build.0 = Release|Any CPU
		{D2E138C7-317F-416E-94F9-46FE9E36DA60}.AppStore|x64.ActiveCfg = Release|Any CPU
		{D2E138C7-317F-416E-94F9-46FE9E36DA60}.AppStore|x64.Build.0 = Release|Any CPU
		{D2E138C7-317F-416E-94F9-46FE9E36DA60}.AppStore|x86.ActiveCfg = Release|Any CPU
		{D2E138C7-317F-416E-94F9-46FE9E36DA60}.AppStore|x86.Build.0 = Release|Any CPU
		{D2E138C7-317F-416E-94F9-46FE9E36DA60}.Debug|Any CPU.ActiveCfg = Debug|Any CPU
		{D2E138C7-317F-416E-94F9-46FE9E36DA60}.Debug|Any CPU.Build.0 = Debug|Any CPU
		{D2E138C7-317F-416E-94F9-46FE9E36DA60}.Debug|ARM.ActiveCfg = Debug|Any CPU
		{D2E138C7-317F-416E-94F9-46FE9E36DA60}.Debug|ARM.Build.0 = Debug|Any CPU
		{D2E138C7-317F-416E-94F9-46FE9E36DA60}.Debug|iPhone.ActiveCfg = Debug|Any CPU
		{D2E138C7-317F-416E-94F9-46FE9E36DA60}.Debug|iPhone.Build.0 = Debug|Any CPU
		{D2E138C7-317F-416E-94F9-46FE9E36DA60}.Debug|iPhoneSimulator.ActiveCfg = Debug|Any CPU
		{D2E138C7-317F-416E-94F9-46FE9E36DA60}.Debug|iPhoneSimulator.Build.0 = Debug|Any CPU
		{D2E138C7-317F-416E-94F9-46FE9E36DA60}.Debug|x64.ActiveCfg = Debug|Any CPU
		{D2E138C7-317F-416E-94F9-46FE9E36DA60}.Debug|x64.Build.0 = Debug|Any CPU
		{D2E138C7-317F-416E-94F9-46FE9E36DA60}.Debug|x86.ActiveCfg = Debug|Any CPU
		{D2E138C7-317F-416E-94F9-46FE9E36DA60}.Debug|x86.Build.0 = Debug|Any CPU
		{D2E138C7-317F-416E-94F9-46FE9E36DA60}.Release|Any CPU.ActiveCfg = Release|Any CPU
		{D2E138C7-317F-416E-94F9-46FE9E36DA60}.Release|Any CPU.Build.0 = Release|Any CPU
		{D2E138C7-317F-416E-94F9-46FE9E36DA60}.Release|ARM.ActiveCfg = Release|Any CPU
		{D2E138C7-317F-416E-94F9-46FE9E36DA60}.Release|ARM.Build.0 = Release|Any CPU
		{D2E138C7-317F-416E-94F9-46FE9E36DA60}.Release|iPhone.ActiveCfg = Release|Any CPU
		{D2E138C7-317F-416E-94F9-46FE9E36DA60}.Release|iPhone.Build.0 = Release|Any CPU
		{D2E138C7-317F-416E-94F9-46FE9E36DA60}.Release|iPhoneSimulator.ActiveCfg = Release|Any CPU
		{D2E138C7-317F-416E-94F9-46FE9E36DA60}.Release|iPhoneSimulator.Build.0 = Release|Any CPU
		{D2E138C7-317F-416E-94F9-46FE9E36DA60}.Release|x64.ActiveCfg = Release|Any CPU
		{D2E138C7-317F-416E-94F9-46FE9E36DA60}.Release|x64.Build.0 = Release|Any CPU
		{D2E138C7-317F-416E-94F9-46FE9E36DA60}.Release|x86.ActiveCfg = Release|Any CPU
		{D2E138C7-317F-416E-94F9-46FE9E36DA60}.Release|x86.Build.0 = Release|Any CPU
	EndGlobalSection
	GlobalSection(SolutionProperties) = preSolution
		HideSolutionNode = FALSE
	EndGlobalSection
EndGlobal
